<?xml version="1.0" encoding="UTF-8" standalone="yes" ?>
<CodeBlocks_project_file>
	<FileVersion major="1" minor="6" />
	<Project>
		<Option title="TrabalhoCG3" />
		<Option pch_mode="2" />
		<Option compiler="gcc" />
		<Build>
			<Target title="Debug">
				<Option output="bin/Debug/TrabalhoCG3" prefix_auto="1" extension_auto="1" />
				<Option object_output="obj/Debug/" />
				<Option type="1" />
				<Option compiler="gcc" />
				<Compiler>
					<Add option="-g" />
				</Compiler>
				<Linker>
					<Add library="C:\Program Files (x86)\CodeBlocks\MinGW\lib\libglui32.a" />
					<Add library="C:\Program Files (x86)\CodeBlocks\MinGW\lib\glew32.lib" />
					<Add library="C:\Program Files (x86)\CodeBlocks\MinGW\lib\GLU32.LIB" />
					<Add library="C:\Program Files (x86)\CodeBlocks\MinGW\lib\OPENGL32.LIB" />
					<Add library="C:\Program Files (x86)\CodeBlocks\MinGW\lib\glut32.lib" />
					<Add library="C:\Program Files (x86)\GnuWin32\lib\jpeg.lib" />
				</Linker>
			</Target>
			<Target title="Release">
				<Option output="bin/Release/TrabalhoCG3" prefix_auto="1" extension_auto="1" />
				<Option object_output="obj/Release/" />
				<Option type="1" />
				<Option compiler="gcc" />
				<Compiler>
					<Add option="-O2" />
				</Compiler>
				<Linker>
					<Add option="-s" />
				</Linker>
			</Target>
		</Build>
		<Compiler>
			<Add option="-Wall" />
		</Compiler>
		<Unit filename="Texture.cpp" />
		<Unit filename="Texture.h" />
		<Unit filename="buffer.cpp" />
		<Unit filename="buffer.h" />
		<Unit filename="camera.h" />
		<Unit filename="close2gl.cpp" />
		<Unit filename="close2gl.h" />
		<Unit filename="colorVector.cpp" />
		<Unit filename="colorVector.h" />
		<Unit filename="filereader.cpp" />
		<Unit filename="filereader.h" />
		<Unit filename="light.cpp" />
		<Unit filename="light.h" />
		<Unit filename="main.cpp" />
		<Unit filename="matrix4x4.h" />
		<Unit filename="pixelLine.cpp" />
		<Unit filename="pixelLine.h" />
		<Unit filename="triangle.cpp" />
		<Unit filename="triangle.h" />
		<Unit filename="vector3f.h" />
		<Extensions>
			<code_completion />
			<envvars />
			<debugger />
			<lib_finder disable_auto="1" />
		</Extensions>
	</Project>
</CodeBlocks_project_file>
